
Microsoft Visual Studio Solution File, Format Version 12.00
# Visual Studio Version 16
VisualStudioVersion = 16.0.31624.102
MinimumVisualStudioVersion = 10.0.40219.1
Project("{FAE04EC0-301F-11D3-BF4B-00C04F79EFBC}") = "API_DataBase", "API_DataBase\API_DataBase.csproj", "{488AC7BD-C4CB-4551-86AC-22A89BC7E324}"
EndProject
Global
	GlobalSection(SolutionConfigurationPlatforms) = preSolution
		Debug|Any CPU = Debug|Any CPU
		Release|Any CPU = Release|Any CPU
	EndGlobalSection
	GlobalSection(ProjectConfigurationPlatforms) = postSolution
		{488AC7BD-C4CB-4551-86AC-22A89BC7E324}.Debug|Any CPU.ActiveCfg = Debug|Any CPU
		{488AC7BD-C4CB-4551-86AC-22A89BC7E324}.Debug|Any CPU.Build.0 = Debug|Any CPU
		{488AC7BD-C4CB-4551-86AC-22A89BC7E324}.Release|Any CPU.ActiveCfg = Release|Any CPU
		{488AC7BD-C4CB-4551-86AC-22A89BC7E324}.Release|Any CPU.Build.0 = Release|Any CPU
	EndGlobalSection
	GlobalSection(SolutionProperties) = preSolution
		HideSolutionNode = FALSE
	EndGlobalSection
	GlobalSection(ExtensibilityGlobals) = postSolution
		SolutionGuid = {8807B7BE-8655-4079-A4B5-8E367C71356C}
	EndGlobalSection
EndGlobal
